Microsoft Visual Studio Solution File, Format Version 12.00
# Visual Studio Version 17
VisualStudioVersion = 17.11.34929.205
MinimumVisualStudioVersion = 10.0.40219.1
Project("{FAE04EC0-301F-11D3-BF4B-00C04F79EFBC}") = "Fjsgram.AppHost", "Fjsgram.AppHost\Fjsgram.AppHost.csproj", "{BBF06A6B-4123-4C9A-9C83-98FF972FA011}"
EndProject
Project("{9A19103F-16F7-4668-BE54-9A1E7A4F7556}") = "Fjsgram.ServiceDefaults", "Fjsgram.ServiceDefaults\Fjsgram.ServiceDefaults.csproj", "{6AE7E4D4-4E0A-42A9-9B2A-82F00132009A}"
EndProject
Project("{9A19103F-16F7-4668-BE54-9A1E7A4F7556}") = "Fjsgram.Tests", "Fjsgram.Tests\Fjsgram.Tests.csproj", "{15CDBBA7-7450-486A-8D8A-BDE6016BF062}"
EndProject
Project("{9A19103F-16F7-4668-BE54-9A1E7A4F7556}") = "FjsGram.Server", "FjsGram.Server\FjsGram.Server.csproj", "{7B1680A5-15DA-40EE-8F01-894697F7896F}"
EndProject
Global
	GlobalSection(ExtensibilityGlobals) = postSolution
		SolutionGuid = {1D446FF8-97E0-4977-BFF6-A05C6DE15643}
	EndGlobalSection
	GlobalSection(ProjectConfigurationPlatforms) = postSolution
		{15CDBBA7-7450-486A-8D8A-BDE6016BF062}.Debug|Any CPU.ActiveCfg = Debug|Any CPU
		{15CDBBA7-7450-486A-8D8A-BDE6016BF062}.Debug|Any CPU.Build.0 = Debug|Any CPU
		{15CDBBA7-7450-486A-8D8A-BDE6016BF062}.Release|Any CPU.ActiveCfg = Release|Any CPU
		{15CDBBA7-7450-486A-8D8A-BDE6016BF062}.Release|Any CPU.Build.0 = Release|Any CPU
		{6AE7E4D4-4E0A-42A9-9B2A-82F00132009A}.Debug|Any CPU.ActiveCfg = Debug|Any CPU
		{6AE7E4D4-4E0A-42A9-9B2A-82F00132009A}.Debug|Any CPU.Build.0 = Debug|Any CPU
		{6AE7E4D4-4E0A-42A9-9B2A-82F00132009A}.Release|Any CPU.ActiveCfg = Release|Any CPU
		{6AE7E4D4-4E0A-42A9-9B2A-82F00132009A}.Release|Any CPU.Build.0 = Release|Any CPU
		{7B1680A5-15DA-40EE-8F01-894697F7896F}.Debug|Any CPU.ActiveCfg = Debug|Any CPU
		{7B1680A5-15DA-40EE-8F01-894697F7896F}.Debug|Any CPU.Build.0 = Debug|Any CPU
		{7B1680A5-15DA-40EE-8F01-894697F7896F}.Release|Any CPU.ActiveCfg = Release|Any CPU
		{7B1680A5-15DA-40EE-8F01-894697F7896F}.Release|Any CPU.Build.0 = Release|Any CPU
		{BBF06A6B-4123-4C9A-9C83-98FF972FA011}.Debug|Any CPU.ActiveCfg = Debug|Any CPU
		{BBF06A6B-4123-4C9A-9C83-98FF972FA011}.Debug|Any CPU.Build.0 = Debug|Any CPU
		{BBF06A6B-4123-4C9A-9C83-98FF972FA011}.Release|Any CPU.ActiveCfg = Release|Any CPU
		{BBF06A6B-4123-4C9A-9C83-98FF972FA011}.Release|Any CPU.Build.0 = Release|Any CPU
	EndGlobalSection
	GlobalSection(SolutionConfigurationPlatforms) = preSolution
		Debug|Any CPU = Debug|Any CPU
		Release|Any CPU = Release|Any CPU
	EndGlobalSection
	GlobalSection(SolutionProperties) = preSolution
		HideSolutionNode = FALSE
	EndGlobalSection
EndGlobal
